{
  "name": "@jovotech/platform-alexa",
  "version": "4.6.1",
  "lockfileVersion": 2,
  "requires": true,
  "packages": {
    "": {
      "name": "@jovotech/platform-alexa",
      "version": "4.6.1",
      "license": "Apache-2.0",
      "dependencies": {
        "adm-zip": "^0.5.9"
      },
      "peerDependencies": {
        "@jovotech/cli-command-build": "^4.0.0",
        "@jovotech/cli-command-deploy": "^4.0.0",
        "@jovotech/cli-command-get": "^4.0.0",
        "@jovotech/cli-command-new": "^4.0.0",
        "@jovotech/cli-core": "^4.0.0",
        "@jovotech/common": "^4.2.16",
        "@jovotech/filebuilder": "^0.0.4",
        "@jovotech/framework": "4.6.0",
        "@jovotech/output": "4.6.0"
      }
    },
    "node_modules/adm-zip": {
      "version": "0.5.10",
      "resolved": "https://registry.npmjs.org/adm-zip/-/adm-zip-0.5.10.tgz",
      "integrity": "sha512-x0HvcHqVJNTPk/Bw8JbLWlWoo6Wwnsug0fnYYro1HBrjxZ3G7/AZk7Ahv8JwDe1uIcz8eBqvu86FuF1POiG7vQ==",
      "engines": {
        "node": ">=6.0"
      }
    }
  },
  "dependencies": {
    "adm-zip": {
      "version": "0.5.10",
      "resolved": "https://registry.npmjs.org/adm-zip/-/adm-zip-0.5.10.tgz",
      "integrity": "sha512-x0HvcHqVJNTPk/Bw8JbLWlWoo6Wwnsug0fnYYro1HBrjxZ3G7/AZk7Ahv8JwDe1uIcz8eBqvu86FuF1POiG7vQ=="
    }
  }
}
